
Microsoft Visual Studio Solution File, Format Version 12.00
# Visual Studio Version 16
VisualStudioVersion = 16.0.30320.27
MinimumVisualStudioVersion = 10.0.40219.1
Project("{9A19103F-16F7-4668-BE54-9A1E7A4F7556}") = "NNLib", "NeuralNetworkLib\NNLib.csproj", "{A45C065F-23EE-4395-BCD0-2C3B14254912}"
EndProject
Project("{9A19103F-16F7-4668-BE54-9A1E7A4F7556}") = "MatrixLib", "Matrix\MatrixLib.csproj", "{5493A248-24FD-457A-9C7C-3CB564417D5C}"
EndProject
Project("{9A19103F-16F7-4668-BE54-9A1E7A4F7556}") = "DerivativeLib", "DerivativeLib\DerivativeLib.csproj", "{981C0F5B-5C6E-42DE-B741-4C325307DDA9}"
EndProject
Project("{9A19103F-16F7-4668-BE54-9A1E7A4F7556}") = "Test", "Test\Test.csproj", "{3845F491-AC7F-4C8C-A339-9086E993FD88}"
EndProject
Project("{9A19103F-16F7-4668-BE54-9A1E7A4F7556}") = "NNTrainer", "NNTrainer\NNTrainer.csproj", "{1421B8A6-5792-49D1-BF29-92E046F1153C}"
EndProject
Global
	GlobalSection(SolutionConfigurationPlatforms) = preSolution
		Debug|Any CPU = Debug|Any CPU
		Release|Any CPU = Release|Any CPU
	EndGlobalSection
	GlobalSection(ProjectConfigurationPlatforms) = postSolution
		{A45C065F-23EE-4395-BCD0-2C3B14254912}.Debug|Any CPU.ActiveCfg = Debug|Any CPU
		{A45C065F-23EE-4395-BCD0-2C3B14254912}.Debug|Any CPU.Build.0 = Debug|Any CPU
		{A45C065F-23EE-4395-BCD0-2C3B14254912}.Release|Any CPU.ActiveCfg = Release|Any CPU
		{A45C065F-23EE-4395-BCD0-2C3B14254912}.Release|Any CPU.Build.0 = Release|Any CPU
		{5493A248-24FD-457A-9C7C-3CB564417D5C}.Debug|Any CPU.ActiveCfg = Debug|Any CPU
		{5493A248-24FD-457A-9C7C-3CB564417D5C}.Debug|Any CPU.Build.0 = Debug|Any CPU
		{5493A248-24FD-457A-9C7C-3CB564417D5C}.Release|Any CPU.ActiveCfg = Release|Any CPU
		{5493A248-24FD-457A-9C7C-3CB564417D5C}.Release|Any CPU.Build.0 = Release|Any CPU
		{981C0F5B-5C6E-42DE-B741-4C325307DDA9}.Debug|Any CPU.ActiveCfg = Debug|Any CPU
		{981C0F5B-5C6E-42DE-B741-4C325307DDA9}.Debug|Any CPU.Build.0 = Debug|Any CPU
		{981C0F5B-5C6E-42DE-B741-4C325307DDA9}.Release|Any CPU.ActiveCfg = Release|Any CPU
		{981C0F5B-5C6E-42DE-B741-4C325307DDA9}.Release|Any CPU.Build.0 = Release|Any CPU
		{3845F491-AC7F-4C8C-A339-9086E993FD88}.Debug|Any CPU.ActiveCfg = Debug|Any CPU
		{3845F491-AC7F-4C8C-A339-9086E993FD88}.Debug|Any CPU.Build.0 = Debug|Any CPU
		{3845F491-AC7F-4C8C-A339-9086E993FD88}.Release|Any CPU.ActiveCfg = Release|Any CPU
		{3845F491-AC7F-4C8C-A339-9086E993FD88}.Release|Any CPU.Build.0 = Release|Any CPU
		{1421B8A6-5792-49D1-BF29-92E046F1153C}.Debug|Any CPU.ActiveCfg = Debug|Any CPU
		{1421B8A6-5792-49D1-BF29-92E046F1153C}.Debug|Any CPU.Build.0 = Debug|Any CPU
		{1421B8A6-5792-49D1-BF29-92E046F1153C}.Release|Any CPU.ActiveCfg = Release|Any CPU
		{1421B8A6-5792-49D1-BF29-92E046F1153C}.Release|Any CPU.Build.0 = Release|Any CPU
	EndGlobalSection
	GlobalSection(SolutionProperties) = preSolution
		HideSolutionNode = FALSE
	EndGlobalSection
	GlobalSection(ExtensibilityGlobals) = postSolution
		SolutionGuid = {0BBBD195-80D1-45BA-AFDD-3F6FD826A964}
	EndGlobalSection
EndGlobal
